{
  "version": 4,
  "terraform_version": "0.14.10",
  "serial": 182,
  "lineage": "12655922-a45f-b593-adfd-bcee32ae19c0",
  "outputs": {},
  "resources": [
    {
      "mode": "data",
      "type": "aws_ami",
      "name": "linux_ami",
      "provider": "provider[\"registry.terraform.io/hashicorp/aws\"]",
      "instances": [
        {
          "schema_version": 0,
          "attributes": {
            "architecture": "x86_64",
            "arn": "arn:aws:ec2:ap-south-1::image/ami-0d645a0f4b1456220",
            "block_device_mappings": [
              {
                "device_name": "/dev/xvda",
                "ebs": {
                  "delete_on_termination": "true",
                  "encrypted": "false",
                  "iops": "0",
                  "snapshot_id": "snap-0ec0cf151a7c5f647",
                  "throughput": "0",
                  "volume_size": "2",
                  "volume_type": "gp2"
                },
                "no_device": "",
                "virtual_name": ""
              }
            ],
            "creation_date": "2021-04-15T00:15:25.000Z",
            "description": "Amazon Linux 2 SELinux Enforcing AMI 2.0.20210326.1 x86_64 Minimal HVM gp2",
            "ena_support": true,
            "executable_users": null,
            "filter": [
              {
                "name": "name",
                "values": [
                  "amzn2-ami-*-gp2"
                ]
              },
              {
                "name": "root-device-type",
                "values": [
                  "ebs"
                ]
              },
              {
                "name": "virtualization-type",
                "values": [
                  "hvm"
                ]
              }
            ],
            "hypervisor": "xen",
            "id": "ami-0d645a0f4b1456220",
            "image_id": "ami-0d645a0f4b1456220",
            "image_location": "amazon/amzn2-ami-minimal-selinux-enforcing-hvm-2.0.20210326.1-x86_64-gp2",
            "image_owner_alias": "amazon",
            "image_type": "machine",
            "kernel_id": null,
            "most_recent": true,
            "name": "amzn2-ami-minimal-selinux-enforcing-hvm-2.0.20210326.1-x86_64-gp2",
            "name_regex": null,
            "owner_id": "137112412989",
            "owners": [
              "amazon"
            ],
            "platform": null,
            "platform_details": "Linux/UNIX",
            "product_codes": [],
            "public": true,
            "ramdisk_id": null,
            "root_device_name": "/dev/xvda",
            "root_device_type": "ebs",
            "root_snapshot_id": "snap-0ec0cf151a7c5f647",
            "sriov_net_support": "simple",
            "state": "available",
            "state_reason": {
              "code": "UNSET",
              "message": "UNSET"
            },
            "tags": {},
            "usage_operation": "RunInstances",
            "virtualization_type": "hvm"
          },
          "sensitive_attributes": []
        }
      ]
    },
    {
      "mode": "managed",
      "type": "aws_default_route_table",
      "name": "drtb",
      "provider": "provider[\"registry.terraform.io/hashicorp/aws\"]",
      "instances": [
        {
          "schema_version": 0,
          "attributes": {
            "arn": "arn:aws:ec2:ap-south-1:429710982531:route-table/rtb-005caa13a2317176d",
            "default_route_table_id": "rtb-005caa13a2317176d",
            "id": "rtb-005caa13a2317176d",
            "owner_id": "429710982531",
            "propagating_vgws": null,
            "route": [
              {
                "cidr_block": "0.0.0.0/0",
                "destination_prefix_list_id": "",
                "egress_only_gateway_id": "",
                "gateway_id": "igw-01dfe2e6dfc0ed06a",
                "instance_id": "",
                "ipv6_cidr_block": "",
                "nat_gateway_id": "",
                "network_interface_id": "",
                "transit_gateway_id": "",
                "vpc_endpoint_id": "",
                "vpc_peering_connection_id": ""
              }
            ],
            "tags": {
              "Name": "drtb"
            },
            "vpc_id": "vpc-015e128d297cefb4e"
          },
          "sensitive_attributes": [],
          "private": "bnVsbA==",
          "dependencies": [
            "aws_internet_gateway.igw",
            "aws_vpc.myapp_vpc"
          ]
        }
      ]
    },
    {
      "mode": "managed",
      "type": "aws_default_security_group",
      "name": "myapp-sg",
      "provider": "provider[\"registry.terraform.io/hashicorp/aws\"]",
      "instances": [
        {
          "schema_version": 1,
          "attributes": {
            "arn": "arn:aws:ec2:ap-south-1:429710982531:security-group/sg-0b0f87671bff92e1b",
            "description": "default VPC security group",
            "egress": [
              {
                "cidr_blocks": [
                  "0.0.0.0/0"
                ],
                "description": "",
                "from_port": 0,
                "ipv6_cidr_blocks": [],
                "prefix_list_ids": [],
                "protocol": "-1",
                "security_groups": [],
                "self": false,
                "to_port": 0
              }
            ],
            "id": "sg-0b0f87671bff92e1b",
            "ingress": [
              {
                "cidr_blocks": [
                  "0.0.0.0/0"
                ],
                "description": "port 8080",
                "from_port": 8080,
                "ipv6_cidr_blocks": [],
                "prefix_list_ids": [],
                "protocol": "tcp",
                "security_groups": [],
                "self": false,
                "to_port": 8080
              },
              {
                "cidr_blocks": [
                  "183.83.213.53/32"
                ],
                "description": "port 22",
                "from_port": 22,
                "ipv6_cidr_blocks": [],
                "prefix_list_ids": [],
                "protocol": "tcp",
                "security_groups": [],
                "self": false,
                "to_port": 22
              }
            ],
            "name": "default",
            "owner_id": "429710982531",
            "revoke_rules_on_delete": false,
            "tags": {
              "Name": "development-default-sg"
            },
            "vpc_id": "vpc-015e128d297cefb4e"
          },
          "sensitive_attributes": [],
          "private": "eyJzY2hlbWFfdmVyc2lvbiI6IjEifQ==",
          "dependencies": [
            "aws_vpc.myapp_vpc"
          ]
        }
      ]
    },
    {
      "mode": "managed",
      "type": "aws_instance",
      "name": "myapp-ec2",
      "provider": "provider[\"registry.terraform.io/hashicorp/aws\"]",
      "instances": [
        {
          "schema_version": 1,
          "attributes": {
            "ami": "ami-0d645a0f4b1456220",
            "arn": "arn:aws:ec2:ap-south-1:429710982531:instance/i-02597f27c2001f13a",
            "associate_public_ip_address": true,
            "availability_zone": "ap-south-1a",
            "cpu_core_count": 1,
            "cpu_threads_per_core": 1,
            "credit_specification": [
              {
                "cpu_credits": "standard"
              }
            ],
            "disable_api_termination": false,
            "ebs_block_device": [],
            "ebs_optimized": false,
            "enclave_options": [
              {
                "enabled": false
              }
            ],
            "ephemeral_block_device": [],
            "get_password_data": false,
            "hibernation": false,
            "host_id": null,
            "iam_instance_profile": "",
            "id": "i-02597f27c2001f13a",
            "instance_initiated_shutdown_behavior": null,
            "instance_state": "running",
            "instance_type": "t2.micro",
            "ipv6_address_count": 0,
            "ipv6_addresses": [],
            "key_name": "development_key",
            "metadata_options": [
              {
                "http_endpoint": "enabled",
                "http_put_response_hop_limit": 1,
                "http_tokens": "optional"
              }
            ],
            "monitoring": false,
            "network_interface": [],
            "outpost_arn": "",
            "password_data": "",
            "placement_group": "",
            "primary_network_interface_id": "eni-0add3a159e949b7c9",
            "private_dns": "ip-10-0-0-152.ap-south-1.compute.internal",
            "private_ip": "10.0.0.152",
            "public_dns": "",
            "public_ip": "65.0.205.120",
            "root_block_device": [
              {
                "delete_on_termination": true,
                "device_name": "/dev/xvda",
                "encrypted": false,
                "iops": 100,
                "kms_key_id": "",
                "tags": {},
                "throughput": 0,
                "volume_id": "vol-03cfeb0db773d41fb",
                "volume_size": 2,
                "volume_type": "gp2"
              }
            ],
            "secondary_private_ips": [],
            "security_groups": [],
            "source_dest_check": true,
            "subnet_id": "subnet-0a9a4721e5f64de07",
            "tags": {
              "Name": "HelloWorld"
            },
            "tenancy": "default",
            "timeouts": null,
            "user_data": "abd82c189b9af029cd7ce3fe28603c3175579d8a",
            "user_data_base64": null,
            "volume_tags": null,
            "vpc_security_group_ids": [
              "sg-0b0f87671bff92e1b"
            ]
          },
          "sensitive_attributes": [],
          "private": "eyJlMmJmYjczMC1lY2FhLTExZTYtOGY4OC0zNDM2M2JjN2M0YzAiOnsiY3JlYXRlIjo2MDAwMDAwMDAwMDAsImRlbGV0ZSI6MTIwMDAwMDAwMDAwMCwidXBkYXRlIjo2MDAwMDAwMDAwMDB9LCJzY2hlbWFfdmVyc2lvbiI6IjEifQ==",
          "dependencies": [
            "aws_default_security_group.myapp-sg",
            "aws_key_pair.myapp_key",
            "aws_subnet.myapp_subnet_1",
            "aws_vpc.myapp_vpc",
            "data.aws_ami.linux_ami"
          ]
        }
      ]
    },
    {
      "mode": "managed",
      "type": "aws_internet_gateway",
      "name": "igw",
      "provider": "provider[\"registry.terraform.io/hashicorp/aws\"]",
      "instances": [
        {
          "schema_version": 0,
          "attributes": {
            "arn": "arn:aws:ec2:ap-south-1:429710982531:internet-gateway/igw-01dfe2e6dfc0ed06a",
            "id": "igw-01dfe2e6dfc0ed06a",
            "owner_id": "429710982531",
            "tags": {
              "Name": "development-igw"
            },
            "vpc_id": "vpc-015e128d297cefb4e"
          },
          "sensitive_attributes": [],
          "private": "bnVsbA==",
          "dependencies": [
            "aws_vpc.myapp_vpc"
          ]
        }
      ]
    },
    {
      "mode": "managed",
      "type": "aws_key_pair",
      "name": "myapp_key",
      "provider": "provider[\"registry.terraform.io/hashicorp/aws\"]",
      "instances": [
        {
          "schema_version": 1,
          "attributes": {
            "arn": "arn:aws:ec2:ap-south-1:429710982531:key-pair/development_key",
            "fingerprint": "01:b4:6e:49:b9:7b:a3:73:85:23:f5:86:06:51:c4:fb",
            "id": "development_key",
            "key_name": "development_key",
            "key_name_prefix": null,
            "key_pair_id": "key-09ec6aaeff8472d28",
            "public_key": "ssh-rsa AAAAB3NzaC1yc2EAAAADAQABAAABgQCULE+2couBf0t9CCKJSmGg4PUvmfWXAZvhZYsF6X0naYryOaUMxysKIT6GF7q70DAVeTaedo5Z4VUK8AWK7oKzXXG0lqwaTVV9fYS+h29lxgNMgIrCk9v7odZs9YLWLJ88+rMFH1tusVRBiPwSs6eY/SZg2CMZqRmKDmS25sjKplxb/C3nH+63fjVzh+tKbSTvXnddwFbTMpGybXcvKyZKLtbMP9va/INTTQzPiJ9Up6eqsFqFl3PFH6zzuoON9OKI+qJXjEkyDCYpp0u9BWSvTurphyOTy5nQCXIKjQiLl33CY+omuFu2kCOFQ8idc6mNDutzownuw8Z24LecVIvVziAJzpwdUIptIQJpuM8hGig0zf1TqKWNRfX7WxeLm6Fc1iqTCpdmdwIC7P+5qfEabMizByA+VHhu/sGvzb2GNHkw740dsOV/cUB+zVUdcsdZn7wGKQEwCK/LMapNJpDBiDJNtfA0V3404XH/7DcKfjtasQHBwDiLoUaz2uRsqwU= ashishkumar@Ashishs-MacBook-Air.local",
            "tags": null
          },
          "sensitive_attributes": [],
          "private": "eyJzY2hlbWFfdmVyc2lvbiI6IjEifQ=="
        }
      ]
    },
    {
      "mode": "managed",
      "type": "aws_subnet",
      "name": "myapp_subnet_1",
      "provider": "provider[\"registry.terraform.io/hashicorp/aws\"]",
      "instances": [
        {
          "schema_version": 1,
          "attributes": {
            "arn": "arn:aws:ec2:ap-south-1:429710982531:subnet/subnet-0a9a4721e5f64de07",
            "assign_ipv6_address_on_creation": false,
            "availability_zone": "ap-south-1a",
            "availability_zone_id": "aps1-az1",
            "cidr_block": "10.0.0.0/24",
            "customer_owned_ipv4_pool": "",
            "id": "subnet-0a9a4721e5f64de07",
            "ipv6_cidr_block": "",
            "ipv6_cidr_block_association_id": "",
            "map_customer_owned_ip_on_launch": false,
            "map_public_ip_on_launch": false,
            "outpost_arn": "",
            "owner_id": "429710982531",
            "tags": {
              "Name": "development-subnet-1"
            },
            "tags_all": {
              "Name": "development-subnet-1"
            },
            "timeouts": null,
            "vpc_id": "vpc-015e128d297cefb4e"
          },
          "sensitive_attributes": [],
          "private": "eyJlMmJmYjczMC1lY2FhLTExZTYtOGY4OC0zNDM2M2JjN2M0YzAiOnsiY3JlYXRlIjo2MDAwMDAwMDAwMDAsImRlbGV0ZSI6MTIwMDAwMDAwMDAwMH0sInNjaGVtYV92ZXJzaW9uIjoiMSJ9",
          "dependencies": [
            "aws_vpc.myapp_vpc"
          ]
        }
      ]
    },
    {
      "mode": "managed",
      "type": "aws_vpc",
      "name": "myapp_vpc",
      "provider": "provider[\"registry.terraform.io/hashicorp/aws\"]",
      "instances": [
        {
          "schema_version": 1,
          "attributes": {
            "arn": "arn:aws:ec2:ap-south-1:429710982531:vpc/vpc-015e128d297cefb4e",
            "assign_generated_ipv6_cidr_block": false,
            "cidr_block": "10.0.0.0/16",
            "default_network_acl_id": "acl-09a58edd7caba84e8",
            "default_route_table_id": "rtb-005caa13a2317176d",
            "default_security_group_id": "sg-0b0f87671bff92e1b",
            "dhcp_options_id": "dopt-7d31eb16",
            "enable_classiclink": null,
            "enable_classiclink_dns_support": null,
            "enable_dns_hostnames": false,
            "enable_dns_support": true,
            "id": "vpc-015e128d297cefb4e",
            "instance_tenancy": "default",
            "ipv6_association_id": "",
            "ipv6_cidr_block": "",
            "main_route_table_id": "rtb-005caa13a2317176d",
            "owner_id": "429710982531",
            "tags": {
              "Name": "development-vpc"
            },
            "tags_all": {
              "Name": "development-vpc"
            }
          },
          "sensitive_attributes": [],
          "private": "eyJzY2hlbWFfdmVyc2lvbiI6IjEifQ=="
        }
      ]
    }
  ]
}
